// !$*UTF8*$!
{
	archiveVersion = 1;
	classes = {
	};
	objectVersion = 56;
	objects = {

/* Begin PBXBuildFile section */
		CAC9CC062A344522007AD60E /* GitHubClientApp.swift in Sources */ = {isa = PBXBuildFile; fileRef = CAC9CC052A344522007AD60E /* GitHubClientApp.swift */; };
		CAC9CC082A344522007AD60E /* ContentView.swift in Sources */ = {isa = PBXBuildFile; fileRef = CAC9CC072A344522007AD60E /* ContentView.swift */; };
		CAC9CC0A2A344526007AD60E /* Assets.xcassets in Resources */ = {isa = PBXBuildFile; fileRef = CAC9CC092A344526007AD60E /* Assets.xcassets */; };
		CAC9CC0D2A344526007AD60E /* Preview Assets.xcassets in Resources */ = {isa = PBXBuildFile; fileRef = CAC9CC0C2A344526007AD60E /* Preview Assets.xcassets */; };
		CAC9CC172A344526007AD60E /* GitHubClientTests.swift in Sources */ = {isa = PBXBuildFile; fileRef = CAC9CC162A344526007AD60E /* GitHubClientTests.swift */; };
		CAC9CC212A344526007AD60E /* GitHubClientUITests.swift in Sources */ = {isa = PBXBuildFile; fileRef = CAC9CC202A344526007AD60E /* GitHubClientUITests.swift */; };
		CAC9CC232A344526007AD60E /* GitHubClientUITestsLaunchTests.swift in Sources */ = {isa = PBXBuildFile; fileRef = CAC9CC222A344526007AD60E /* GitHubClientUITestsLaunchTests.swift */; };
		CAC9CC302A345B15007AD60E /* Repo.swift in Sources */ = {isa = PBXBuildFile; fileRef = CAC9CC2F2A345B15007AD60E /* Repo.swift */; };
		CAC9CC322A345B22007AD60E /* User.swift in Sources */ = {isa = PBXBuildFile; fileRef = CAC9CC312A345B22007AD60E /* User.swift */; };
/* End PBXBuildFile section */

/* Begin PBXContainerItemProxy section */
		CAC9CC132A344526007AD60E /* PBXContainerItemProxy */ = {
			isa = PBXContainerItemProxy;
			containerPortal = CAC9CBFA2A344522007AD60E /* Project object */;
			proxyType = 1;
			remoteGlobalIDString = CAC9CC012A344522007AD60E;
			remoteInfo = GitHubClient;
		};
		CAC9CC1D2A344526007AD60E /* PBXContainerItemProxy */ = {
			isa = PBXContainerItemProxy;
			containerPortal = CAC9CBFA2A344522007AD60E /* Project object */;
			proxyType = 1;
			remoteGlobalIDString = CAC9CC012A344522007AD60E;
			remoteInfo = GitHubClient;
		};
/* End PBXContainerItemProxy section */

/* Begin PBXFileReference section */
		CAC9CC022A344522007AD60E /* GitHubClient.app */ = {isa = PBXFileReference; explicitFileType = wrapper.application; includeInIndex = 0; path = GitHubClient.app; sourceTree = BUILT_PRODUCTS_DIR; };
		CAC9CC052A344522007AD60E /* GitHubClientApp.swift */ = {isa = PBXFileReference; lastKnownFileType = sourcecode.swift; path = GitHubClientApp.swift; sourceTree = "<group>"; };
		CAC9CC072A344522007AD60E /* ContentView.swift */ = {isa = PBXFileReference; lastKnownFileType = sourcecode.swift; path = ContentView.swift; sourceTree = "<group>"; };
		CAC9CC092A344526007AD60E /* Assets.xcassets */ = {isa = PBXFileReference; lastKnownFileType = folder.assetcatalog; path = Assets.xcassets; sourceTree = "<group>"; };
		CAC9CC0C2A344526007AD60E /* Preview Assets.xcassets */ = {isa = PBXFileReference; lastKnownFileType = folder.assetcatalog; path = "Preview Assets.xcassets"; sourceTree = "<group>"; };
		CAC9CC122A344526007AD60E /* GitHubClientTests.xctest */ = {isa = PBXFileReference; explicitFileType = wrapper.cfbundle; includeInIndex = 0; path = GitHubClientTests.xctest; sourceTree = BUILT_PRODUCTS_DIR; };
		CAC9CC162A344526007AD60E /* GitHubClientTests.swift */ = {isa = PBXFileReference; lastKnownFileType = sourcecode.swift; path = GitHubClientTests.swift; sourceTree = "<group>"; };
		CAC9CC1C2A344526007AD60E /* GitHubClientUITests.xctest */ = {isa = PBXFileReference; explicitFileType = wrapper.cfbundle; includeInIndex = 0; path = GitHubClientUITests.xctest; sourceTree = BUILT_PRODUCTS_DIR; };
		CAC9CC202A344526007AD60E /* GitHubClientUITests.swift */ = {isa = PBXFileReference; lastKnownFileType = sourcecode.swift; path = GitHubClientUITests.swift; sourceTree = "<group>"; };
		CAC9CC222A344526007AD60E /* GitHubClientUITestsLaunchTests.swift */ = {isa = PBXFileReference; lastKnownFileType = sourcecode.swift; path = GitHubClientUITestsLaunchTests.swift; sourceTree = "<group>"; };
		CAC9CC2F2A345B15007AD60E /* Repo.swift */ = {isa = PBXFileReference; lastKnownFileType = sourcecode.swift; path = Repo.swift; sourceTree = "<group>"; };
		CAC9CC312A345B22007AD60E /* User.swift */ = {isa = PBXFileReference; lastKnownFileType = sourcecode.swift; path = User.swift; sourceTree = "<group>"; };
/* End PBXFileReference section */

/* Begin PBXFrameworksBuildPhase section */
		CAC9CBFF2A344522007AD60E /* Frameworks */ = {
			isa = PBXFrameworksBuildPhase;
			buildActionMask = 2147483647;
			files = (
			);
			runOnlyForDeploymentPostprocessing = 0;
		};
		CAC9CC0F2A344526007AD60E /* Frameworks */ = {
			isa = PBXFrameworksBuildPhase;
			buildActionMask = 2147483647;
			files = (
			);
			runOnlyForDeploymentPostprocessing = 0;
		};
		CAC9CC192A344526007AD60E /* Frameworks */ = {
			isa = PBXFrameworksBuildPhase;
			buildActionMask = 2147483647;
			files = (
			);
			runOnlyForDeploymentPostprocessing = 0;
		};
/* End PBXFrameworksBuildPhase section */

/* Begin PBXGroup section */
		CAC9CBF92A344522007AD60E = {
			isa = PBXGroup;
			children = (
				CAC9CC042A344522007AD60E /* GitHubClient */,
				CAC9CC152A344526007AD60E /* GitHubClientTests */,
				CAC9CC1F2A344526007AD60E /* GitHubClientUITests */,
				CAC9CC032A344522007AD60E /* Products */,
			);
			sourceTree = "<group>";
		};
		CAC9CC032A344522007AD60E /* Products */ = {
			isa = PBXGroup;
			children = (
				CAC9CC022A344522007AD60E /* GitHubClient.app */,
				CAC9CC122A344526007AD60E /* GitHubClientTests.xctest */,
				CAC9CC1C2A344526007AD60E /* GitHubClientUITests.xctest */,
			);
			name = Products;
			sourceTree = "<group>";
		};
		CAC9CC042A344522007AD60E /* GitHubClient */ = {
			isa = PBXGroup;
			children = (
				CAC9CC052A344522007AD60E /* GitHubClientApp.swift */,
				CAC9CC072A344522007AD60E /* ContentView.swift */,
				CAC9CC092A344526007AD60E /* Assets.xcassets */,
				CAC9CC0B2A344526007AD60E /* Preview Content */,
				CAC9CC332A345B2B007AD60E /* Models */,
			);
			path = GitHubClient;
			sourceTree = "<group>";
		};
		CAC9CC0B2A344526007AD60E /* Preview Content */ = {
			isa = PBXGroup;
			children = (
				CAC9CC0C2A344526007AD60E /* Preview Assets.xcassets */,
			);
			path = "Preview Content";
			sourceTree = "<group>";
		};
		CAC9CC152A344526007AD60E /* GitHubClientTests */ = {
			isa = PBXGroup;
			children = (
				CAC9CC162A344526007AD60E /* GitHubClientTests.swift */,
			);
			path = GitHubClientTests;
			sourceTree = "<group>";
		};
		CAC9CC1F2A344526007AD60E /* GitHubClientUITests */ = {
			isa = PBXGroup;
			children = (
				CAC9CC202A344526007AD60E /* GitHubClientUITests.swift */,
				CAC9CC222A344526007AD60E /* GitHubClientUITestsLaunchTests.swift */,
			);
			path = GitHubClientUITests;
			sourceTree = "<group>";
		};
		CAC9CC332A345B2B007AD60E /* Models */ = {
			isa = PBXGroup;
			children = (
				CAC9CC2F2A345B15007AD60E /* Repo.swift */,
				CAC9CC312A345B22007AD60E /* User.swift */,
			);
			path = Models;
			sourceTree = "<group>";
		};
/* End PBXGroup section */

/* Begin PBXNativeTarget section */
		CAC9CC012A344522007AD60E /* GitHubClient */ = {
			isa = PBXNativeTarget;
			buildConfigurationList = CAC9CC262A344526007AD60E /* Build configuration list for PBXNativeTarget "GitHubClient" */;
			buildPhases = (
				CAC9CBFE2A344522007AD60E /* Sources */,
				CAC9CBFF2A344522007AD60E /* Frameworks */,
				CAC9CC002A344522007AD60E /* Resources */,
			);
			buildRules = (
			);
			dependencies = (
			);
			name = GitHubClient;
			productName = GitHubClient;
			productReference = CAC9CC022A344522007AD60E /* GitHubClient.app */;
			productType = "com.apple.product-type.application";
		};
		CAC9CC112A344526007AD60E /* GitHubClientTests */ = {
			isa = PBXNativeTarget;
			buildConfigurationList = CAC9CC292A344526007AD60E /* Build configuration list for PBXNativeTarget "GitHubClientTests" */;
			buildPhases = (
				CAC9CC0E2A344526007AD60E /* Sources */,
				CAC9CC0F2A344526007AD60E /* Frameworks */,
				CAC9CC102A344526007AD60E /* Resources */,
			);
			buildRules = (
			);
			dependencies = (
				CAC9CC142A344526007AD60E /* PBXTargetDependency */,
			);
			name = GitHubClientTests;
			productName = GitHubClientTests;
			productReference = CAC9CC122A344526007AD60E /* GitHubClientTests.xctest */;
			productType = "com.apple.product-type.bundle.unit-test";
		};
		CAC9CC1B2A344526007AD60E /* GitHubClientUITests */ = {
			isa = PBXNativeTarget;
			buildConfigurationList = CAC9CC2C2A344526007AD60E /* Build configuration list for PBXNativeTarget "GitHubClientUITests" */;
			buildPhases = (
				CAC9CC182A344526007AD60E /* Sources */,
				CAC9CC192A344526007AD60E /* Frameworks */,
				CAC9CC1A2A344526007AD60E /* Resources */,
			);
			buildRules = (
			);
			dependencies = (
				CAC9CC1E2A344526007AD60E /* PBXTargetDependency */,
			);
			name = GitHubClientUITests;
			productName = GitHubClientUITests;
			productReference = CAC9CC1C2A344526007AD60E /* GitHubClientUITests.xctest */;
			productType = "com.apple.product-type.bundle.ui-testing";
		};
/* End PBXNativeTarget section */

/* Begin PBXProject section */
		CAC9CBFA2A344522007AD60E /* Project object */ = {
			isa = PBXProject;
			attributes = {
				BuildIndependentTargetsInParallel = 1;
				LastSwiftUpdateCheck = 1430;
				LastUpgradeCheck = 1430;
				TargetAttributes = {
					CAC9CC012A344522007AD60E = {
						CreatedOnToolsVersion = 14.3.1;
					};
					CAC9CC112A344526007AD60E = {
						CreatedOnToolsVersion = 14.3.1;
						TestTargetID = CAC9CC012A344522007AD60E;
					};
					CAC9CC1B2A344526007AD60E = {
						CreatedOnToolsVersion = 14.3.1;
						TestTargetID = CAC9CC012A344522007AD60E;
					};
				};
			};
			buildConfigurationList = CAC9CBFD2A344522007AD60E /* Build configuration list for PBXProject "GitHubClient" */;
			compatibilityVersion = "Xcode 14.0";
			developmentRegion = en;
			hasScannedForEncodings = 0;
			knownRegions = (
				en,
				Base,
			);
			mainGroup = CAC9CBF92A344522007AD60E;
			productRefGroup = CAC9CC032A344522007AD60E /* Products */;
			projectDirPath = "";
			projectRoot = "";
			targets = (
				CAC9CC012A344522007AD60E /* GitHubClient */,
				CAC9CC112A344526007AD60E /* GitHubClientTests */,
				CAC9CC1B2A344526007AD60E /* GitHubClientUITests */,
			);
		};
/* End PBXProject section */

/* Begin PBXResourcesBuildPhase section */
		CAC9CC002A344522007AD60E /* Resources */ = {
			isa = PBXResourcesBuildPhase;
			buildActionMask = 2147483647;
			files = (
				CAC9CC0D2A344526007AD60E /* Preview Assets.xcassets in Resources */,
				CAC9CC0A2A344526007AD60E /* Assets.xcassets in Resources */,
			);
			runOnlyForDeploymentPostprocessing = 0;
		};
		CAC9CC102A344526007AD60E /* Resources */ = {
			isa = PBXResourcesBuildPhase;
			buildActionMask = 2147483647;
			files = (
			);
			runOnlyForDeploymentPostprocessing = 0;
		};
		CAC9CC1A2A344526007AD60E /* Resources */ = {
			isa = PBXResourcesBuildPhase;
			buildActionMask = 2147483647;
			files = (
			);
			runOnlyForDeploymentPostprocessing = 0;
		};
/* End PBXResourcesBuildPhase section */

/* Begin PBXSourcesBuildPhase section */
		CAC9CBFE2A344522007AD60E /* Sources */ = {
			isa = PBXSourcesBuildPhase;
			buildActionMask = 2147483647;
			files = (
				CAC9CC322A345B22007AD60E /* User.swift in Sources */,
				CAC9CC302A345B15007AD60E /* Repo.swift in Sources */,
				CAC9CC082A344522007AD60E /* ContentView.swift in Sources */,
				CAC9CC062A344522007AD60E /* GitHubClientApp.swift in Sources */,
			);
			runOnlyForDeploymentPostprocessing = 0;
		};
		CAC9CC0E2A344526007AD60E /* Sources */ = {
			isa = PBXSourcesBuildPhase;
			buildActionMask = 2147483647;
			files = (
				CAC9CC172A344526007AD60E /* GitHubClientTests.swift in Sources */,
			);
			runOnlyForDeploymentPostprocessing = 0;
		};
		CAC9CC182A344526007AD60E /* Sources */ = {
			isa = PBXSourcesBuildPhase;
			buildActionMask = 2147483647;
			files = (
				CAC9CC232A344526007AD60E /* GitHubClientUITestsLaunchTests.swift in Sources */,
				CAC9CC212A344526007AD60E /* GitHubClientUITests.swift in Sources */,
			);
			runOnlyForDeploymentPostprocessing = 0;
		};
/* End PBXSourcesBuildPhase section */

/* Begin PBXTargetDependency section */
		CAC9CC142A344526007AD60E /* PBXTargetDependency */ = {
			isa = PBXTargetDependency;
			target = CAC9CC012A344522007AD60E /* GitHubClient */;
			targetProxy = CAC9CC132A344526007AD60E /* PBXContainerItemProxy */;
		};
		CAC9CC1E2A344526007AD60E /* PBXTargetDependency */ = {
			isa = PBXTargetDependency;
			target = CAC9CC012A344522007AD60E /* GitHubClient */;
			targetProxy = CAC9CC1D2A344526007AD60E /* PBXContainerItemProxy */;
		};
/* End PBXTargetDependency section */

/* Begin XCBuildConfiguration section */
		CAC9CC242A344526007AD60E /* Debug */ = {
			isa = XCBuildConfiguration;
			buildSettings = {
				ALWAYS_SEARCH_USER_PATHS = NO;
				CLANG_ANALYZER_NONNULL = YES;
				CLANG_ANALYZER_NUMBER_OBJECT_CONVERSION = YES_AGGRESSIVE;
				CLANG_CXX_LANGUAGE_STANDARD = "gnu++20";
				CLANG_ENABLE_MODULES = YES;
				CLANG_ENABLE_OBJC_ARC = YES;
				CLANG_ENABLE_OBJC_WEAK = YES;
				CLANG_WARN_BLOCK_CAPTURE_AUTORELEASING = YES;
				CLANG_WARN_BOOL_CONVERSION = YES;
				CLANG_WARN_COMMA = YES;
				CLANG_WARN_CONSTANT_CONVERSION = YES;
				CLANG_WARN_DEPRECATED_OBJC_IMPLEMENTATIONS = YES;
				CLANG_WARN_DIRECT_OBJC_ISA_USAGE = YES_ERROR;
				CLANG_WARN_DOCUMENTATION_COMMENTS = YES;
				CLANG_WARN_EMPTY_BODY = YES;
				CLANG_WARN_ENUM_CONVERSION = YES;
				CLANG_WARN_INFINITE_RECURSION = YES;
				CLANG_WARN_INT_CONVERSION = YES;
				CLANG_WARN_NON_LITERAL_NULL_CONVERSION = YES;
				CLANG_WARN_OBJC_IMPLICIT_RETAIN_SELF = YES;
				CLANG_WARN_OBJC_LITERAL_CONVERSION = YES;
				CLANG_WARN_OBJC_ROOT_CLASS = YES_ERROR;
				CLANG_WARN_QUOTED_INCLUDE_IN_FRAMEWORK_HEADER = YES;
				CLANG_WARN_RANGE_LOOP_ANALYSIS = YES;
				CLANG_WARN_STRICT_PROTOTYPES = YES;
				CLANG_WARN_SUSPICIOUS_MOVE = YES;
				CLANG_WARN_UNGUARDED_AVAILABILITY = YES_AGGRESSIVE;
				CLANG_WARN_UNREACHABLE_CODE = YES;
				CLANG_WARN__DUPLICATE_METHOD_MATCH = YES;
				COPY_PHASE_STRIP = NO;
				DEBUG_INFORMATION_FORMAT = dwarf;
				ENABLE_STRICT_OBJC_MSGSEND = YES;
				ENABLE_TESTABILITY = YES;
				GCC_C_LANGUAGE_STANDARD = gnu11;
				GCC_DYNAMIC_NO_PIC = NO;
				GCC_NO_COMMON_BLOCKS = YES;
				GCC_OPTIMIZATION_LEVEL = 0;
				GCC_PREPROCESSOR_DEFINITIONS = (
					"DEBUG=1",
					"$(inherited)",
				);
				GCC_WARN_64_TO_32_BIT_CONVERSION = YES;
				GCC_WARN_ABOUT_RETURN_TYPE = YES_ERROR;
				GCC_WARN_UNDECLARED_SELECTOR = YES;
				GCC_WARN_UNINITIALIZED_AUTOS = YES_AGGRESSIVE;
				GCC_WARN_UNUSED_FUNCTION = YES;
				GCC_WARN_UNUSED_VARIABLE = YES;
				IPHONEOS_DEPLOYMENT_TARGET = 16.4;
				MTL_ENABLE_DEBUG_INFO = INCLUDE_SOURCE;
				MTL_FAST_MATH = YES;
				ONLY_ACTIVE_ARCH = YES;
				SDKROOT = iphoneos;
				SWIFT_ACTIVE_COMPILATION_CONDITIONS = DEBUG;
				SWIFT_OPTIMIZATION_LEVEL = "-Onone";
			};
			name = Debug;
		};
		CAC9CC252A344526007AD60E /* Release */ = {
			isa = XCBuildConfiguration;
			buildSettings = {
				ALWAYS_SEARCH_USER_PATHS = NO;
				CLANG_ANALYZER_NONNULL = YES;
				CLANG_ANALYZER_NUMBER_OBJECT_CONVERSION = YES_AGGRESSIVE;
				CLANG_CXX_LANGUAGE_STANDARD = "gnu++20";
				CLANG_ENABLE_MODULES = YES;
				CLANG_ENABLE_OBJC_ARC = YES;
				CLANG_ENABLE_OBJC_WEAK = YES;
				CLANG_WARN_BLOCK_CAPTURE_AUTORELEASING = YES;
				CLANG_WARN_BOOL_CONVERSION = YES;
				CLANG_WARN_COMMA = YES;
				CLANG_WARN_CONSTANT_CONVERSION = YES;
				CLANG_WARN_DEPRECATED_OBJC_IMPLEMENTATIONS = YES;
				CLANG_WARN_DIRECT_OBJC_ISA_USAGE = YES_ERROR;
				CLANG_WARN_DOCUMENTATION_COMMENTS = YES;
				CLANG_WARN_EMPTY_BODY = YES;
				CLANG_WARN_ENUM_CONVERSION = YES;
				CLANG_WARN_INFINITE_RECURSION = YES;
				CLANG_WARN_INT_CONVERSION = YES;
				CLANG_WARN_NON_LITERAL_NULL_CONVERSION = YES;
				CLANG_WARN_OBJC_IMPLICIT_RETAIN_SELF = YES;
				CLANG_WARN_OBJC_LITERAL_CONVERSION = YES;
				CLANG_WARN_OBJC_ROOT_CLASS = YES_ERROR;
				CLANG_WARN_QUOTED_INCLUDE_IN_FRAMEWORK_HEADER = YES;
				CLANG_WARN_RANGE_LOOP_ANALYSIS = YES;
				CLANG_WARN_STRICT_PROTOTYPES = YES;
				CLANG_WARN_SUSPICIOUS_MOVE = YES;
				CLANG_WARN_UNGUARDED_AVAILABILITY = YES_AGGRESSIVE;
				CLANG_WARN_UNREACHABLE_CODE = YES;
				CLANG_WARN__DUPLICATE_METHOD_MATCH = YES;
				COPY_PHASE_STRIP = NO;
				DEBUG_INFORMATION_FORMAT = "dwarf-with-dsym";
				ENABLE_NS_ASSERTIONS = NO;
				ENABLE_STRICT_OBJC_MSGSEND = YES;
				GCC_C_LANGUAGE_STANDARD = gnu11;
				GCC_NO_COMMON_BLOCKS = YES;
				GCC_WARN_64_TO_32_BIT_CONVERSION = YES;
				GCC_WARN_ABOUT_RETURN_TYPE = YES_ERROR;
				GCC_WARN_UNDECLARED_SELECTOR = YES;
				GCC_WARN_UNINITIALIZED_AUTOS = YES_AGGRESSIVE;
				GCC_WARN_UNUSED_FUNCTION = YES;
				GCC_WARN_UNUSED_VARIABLE = YES;
				IPHONEOS_DEPLOYMENT_TARGET = 16.4;
				MTL_ENABLE_DEBUG_INFO = NO;
				MTL_FAST_MATH = YES;
				SDKROOT = iphoneos;
				SWIFT_COMPILATION_MODE = wholemodule;
				SWIFT_OPTIMIZATION_LEVEL = "-O";
				VALIDATE_PRODUCT = YES;
			};
			name = Release;
		};
		CAC9CC272A344526007AD60E /* Debug */ = {
			isa = XCBuildConfiguration;
			buildSettings = {
				ASSETCATALOG_COMPILER_APPICON_NAME = AppIcon;
				ASSETCATALOG_COMPILER_GLOBAL_ACCENT_COLOR_NAME = AccentColor;
				CODE_SIGN_STYLE = Automatic;
				CURRENT_PROJECT_VERSION = 1;
				DEVELOPMENT_ASSET_PATHS = "\"GitHubClient/Preview Content\"";
				ENABLE_PREVIEWS = YES;
				GENERATE_INFOPLIST_FILE = YES;
				INFOPLIST_KEY_UIApplicationSceneManifest_Generation = YES;
				INFOPLIST_KEY_UIApplicationSupportsIndirectInputEvents = YES;
				INFOPLIST_KEY_UILaunchScreen_Generation = YES;
				INFOPLIST_KEY_UISupportedInterfaceOrientations_iPad = "UIInterfaceOrientationPortrait UIInterfaceOrientationPortraitUpsideDown UIInterfaceOrientationLandscapeLeft UIInterfaceOrientationLandscapeRight";
				INFOPLIST_KEY_UISupportedInterfaceOrientations_iPhone = "UIInterfaceOrientationPortrait UIInterfaceOrientationLandscapeLeft UIInterfaceOrientationLandscapeRight";
				LD_RUNPATH_SEARCH_PATHS = (
					"$(inherited)",
					"@executable_path/Frameworks",
				);
				MARKETING_VERSION = 1.0;
				PRODUCT_BUNDLE_IDENTIFIER = jp.kaleidot725.GitHubClient;
				PRODUCT_NAME = "$(TARGET_NAME)";
				SWIFT_EMIT_LOC_STRINGS = YES;
				SWIFT_VERSION = 5.0;
				TARGETED_DEVICE_FAMILY = "1,2";
			};
			name = Debug;
		};
		CAC9CC282A344526007AD60E /* Release */ = {
			isa = XCBuildConfiguration;
			buildSettings = {
				ASSETCATALOG_COMPILER_APPICON_NAME = AppIcon;
				ASSETCATALOG_COMPILER_GLOBAL_ACCENT_COLOR_NAME = AccentColor;
				CODE_SIGN_STYLE = Automatic;
				CURRENT_PROJECT_VERSION = 1;
				DEVELOPMENT_ASSET_PATHS = "\"GitHubClient/Preview Content\"";
				ENABLE_PREVIEWS = YES;
				GENERATE_INFOPLIST_FILE = YES;
				INFOPLIST_KEY_UIApplicationSceneManifest_Generation = YES;
				INFOPLIST_KEY_UIApplicationSupportsIndirectInputEvents = YES;
				INFOPLIST_KEY_UILaunchScreen_Generation = YES;
				INFOPLIST_KEY_UISupportedInterfaceOrientations_iPad = "UIInterfaceOrientationPortrait UIInterfaceOrientationPortraitUpsideDown UIInterfaceOrientationLandscapeLeft UIInterfaceOrientationLandscapeRight";
				INFOPLIST_KEY_UISupportedInterfaceOrientations_iPhone = "UIInterfaceOrientationPortrait UIInterfaceOrientationLandscapeLeft UIInterfaceOrientationLandscapeRight";
				LD_RUNPATH_SEARCH_PATHS = (
					"$(inherited)",
					"@executable_path/Frameworks",
				);
				MARKETING_VERSION = 1.0;
				PRODUCT_BUNDLE_IDENTIFIER = jp.kaleidot725.GitHubClient;
				PRODUCT_NAME = "$(TARGET_NAME)";
				SWIFT_EMIT_LOC_STRINGS = YES;
				SWIFT_VERSION = 5.0;
				TARGETED_DEVICE_FAMILY = "1,2";
			};
			name = Release;
		};
		CAC9CC2A2A344526007AD60E /* Debug */ = {
			isa = XCBuildConfiguration;
			buildSettings = {
				ALWAYS_EMBED_SWIFT_STANDARD_LIBRARIES = YES;
				BUNDLE_LOADER = "$(TEST_HOST)";
				CODE_SIGN_STYLE = Automatic;
				CURRENT_PROJECT_VERSION = 1;
				GENERATE_INFOPLIST_FILE = YES;
				IPHONEOS_DEPLOYMENT_TARGET = 16.4;
				MARKETING_VERSION = 1.0;
				PRODUCT_BUNDLE_IDENTIFIER = jp.kaleidot725.GitHubClientTests;
				PRODUCT_NAME = "$(TARGET_NAME)";
				SWIFT_EMIT_LOC_STRINGS = NO;
				SWIFT_VERSION = 5.0;
				TARGETED_DEVICE_FAMILY = "1,2";
				TEST_HOST = "$(BUILT_PRODUCTS_DIR)/GitHubClient.app/$(BUNDLE_EXECUTABLE_FOLDER_PATH)/GitHubClient";
			};
			name = Debug;
		};
		CAC9CC2B2A344526007AD60E /* Release */ = {
			isa = XCBuildConfiguration;
			buildSettings = {
				ALWAYS_EMBED_SWIFT_STANDARD_LIBRARIES = YES;
				BUNDLE_LOADER = "$(TEST_HOST)";
				CODE_SIGN_STYLE = Automatic;
				CURRENT_PROJECT_VERSION = 1;
				GENERATE_INFOPLIST_FILE = YES;
				IPHONEOS_DEPLOYMENT_TARGET = 16.4;
				MARKETING_VERSION = 1.0;
				PRODUCT_BUNDLE_IDENTIFIER = jp.kaleidot725.GitHubClientTests;
				PRODUCT_NAME = "$(TARGET_NAME)";
				SWIFT_EMIT_LOC_STRINGS = NO;
				SWIFT_VERSION = 5.0;
				TARGETED_DEVICE_FAMILY = "1,2";
				TEST_HOST = "$(BUILT_PRODUCTS_DIR)/GitHubClient.app/$(BUNDLE_EXECUTABLE_FOLDER_PATH)/GitHubClient";
			};
			name = Release;
		};
		CAC9CC2D2A344526007AD60E /* Debug */ = {
			isa = XCBuildConfiguration;
			buildSettings = {
				ALWAYS_EMBED_SWIFT_STANDARD_LIBRARIES = YES;
				CODE_SIGN_STYLE = Automatic;
				CURRENT_PROJECT_VERSION = 1;
				GENERATE_INFOPLIST_FILE = YES;
				MARKETING_VERSION = 1.0;
				PRODUCT_BUNDLE_IDENTIFIER = jp.kaleidot725.GitHubClientUITests;
				PRODUCT_NAME = "$(TARGET_NAME)";
				SWIFT_EMIT_LOC_STRINGS = NO;
				SWIFT_VERSION = 5.0;
				TARGETED_DEVICE_FAMILY = "1,2";
				TEST_TARGET_NAME = GitHubClient;
			};
			name = Debug;
		};
		CAC9CC2E2A344526007AD60E /* Release */ = {
			isa = XCBuildConfiguration;
			buildSettings = {
				ALWAYS_EMBED_SWIFT_STANDARD_LIBRARIES = YES;
				CODE_SIGN_STYLE = Automatic;
				CURRENT_PROJECT_VERSION = 1;
				GENERATE_INFOPLIST_FILE = YES;
				MARKETING_VERSION = 1.0;
				PRODUCT_BUNDLE_IDENTIFIER = jp.kaleidot725.GitHubClientUITests;
				PRODUCT_NAME = "$(TARGET_NAME)";
				SWIFT_EMIT_LOC_STRINGS = NO;
				SWIFT_VERSION = 5.0;
				TARGETED_DEVICE_FAMILY = "1,2";
				TEST_TARGET_NAME = GitHubClient;
			};
			name = Release;
		};
/* End XCBuildConfiguration section */

/* Begin XCConfigurationList section */
		CAC9CBFD2A344522007AD60E /* Build configuration list for PBXProject "GitHubClient" */ = {
			isa = XCConfigurationList;
			buildConfigurations = (
				CAC9CC242A344526007AD60E /* Debug */,
				CAC9CC252A344526007AD60E /* Release */,
			);
			defaultConfigurationIsVisible = 0;
			defaultConfigurationName = Release;
		};
		CAC9CC262A344526007AD60E /* Build configuration list for PBXNativeTarget "GitHubClient" */ = {
			isa = XCConfigurationList;
			buildConfigurations = (
				CAC9CC272A344526007AD60E /* Debug */,
				CAC9CC282A344526007AD60E /* Release */,
			);
			defaultConfigurationIsVisible = 0;
			defaultConfigurationName = Release;
		};
		CAC9CC292A344526007AD60E /* Build configuration list for PBXNativeTarget "GitHubClientTests" */ = {
			isa = XCConfigurationList;
			buildConfigurations = (
				CAC9CC2A2A344526007AD60E /* Debug */,
				CAC9CC2B2A344526007AD60E /* Release */,
			);
			defaultConfigurationIsVisible = 0;
			defaultConfigurationName = Release;
		};
		CAC9CC2C2A344526007AD60E /* Build configuration list for PBXNativeTarget "GitHubClientUITests" */ = {
			isa = XCConfigurationList;
			buildConfigurations = (
				CAC9CC2D2A344526007AD60E /* Debug */,
				CAC9CC2E2A344526007AD60E /* Release */,
			);
			defaultConfigurationIsVisible = 0;
			defaultConfigurationName = Release;
		};
/* End XCConfigurationList section */
	};
	rootObject = CAC9CBFA2A344522007AD60E /* Project object */;
}
